
Microsoft Visual Studio Solution File, Format Version 12.00
Project("{FAE04EC0-301F-11D3-BF4B-00C04F79EFBC}") = "WarehouseMGMT.API", "WarehouseMGMT.API\WarehouseMGMT.API.csproj", "{FC17FB62-A6D7-4FDA-8CCE-C74B66470EB4}"
EndProject
Project("{FAE04EC0-301F-11D3-BF4B-00C04F79EFBC}") = "WarehouseMGMT.Tests", "WarehouseMGMT.Tests\WarehouseMGMT.Tests.csproj", "{94BF040D-736F-4186-A4A1-121FFFBD43CA}"
EndProject
Global
	GlobalSection(SolutionConfigurationPlatforms) = preSolution
		Debug|Any CPU = Debug|Any CPU
		Release|Any CPU = Release|Any CPU
	EndGlobalSection
	GlobalSection(ProjectConfigurationPlatforms) = postSolution
		{FC17FB62-A6D7-4FDA-8CCE-C74B66470EB4}.Debug|Any CPU.ActiveCfg = Debug|Any CPU
		{FC17FB62-A6D7-4FDA-8CCE-C74B66470EB4}.Debug|Any CPU.Build.0 = Debug|Any CPU
		{FC17FB62-A6D7-4FDA-8CCE-C74B66470EB4}.Release|Any CPU.ActiveCfg = Release|Any CPU
		{FC17FB62-A6D7-4FDA-8CCE-C74B66470EB4}.Release|Any CPU.Build.0 = Release|Any CPU
		{94BF040D-736F-4186-A4A1-121FFFBD43CA}.Debug|Any CPU.ActiveCfg = Debug|Any CPU
		{94BF040D-736F-4186-A4A1-121FFFBD43CA}.Debug|Any CPU.Build.0 = Debug|Any CPU
		{94BF040D-736F-4186-A4A1-121FFFBD43CA}.Release|Any CPU.ActiveCfg = Release|Any CPU
		{94BF040D-736F-4186-A4A1-121FFFBD43CA}.Release|Any CPU.Build.0 = Release|Any CPU
	EndGlobalSection
EndGlobal
